// !$*UTF8*$!
{
	archiveVersion = 1;
	classes = {
	};
	objectVersion = 50;
	objects = {

/* Begin PBXBuildFile section */
		9199BBCCE86273EF0BBC677E /* Pods_FastQ.framework in Frameworks */ = {isa = PBXBuildFile; fileRef = 0670EBCD240591EB881B50FB /* Pods_FastQ.framework */; };
		CC0A7D192379E9B900745D5E /* Util.swift in Sources */ = {isa = PBXBuildFile; fileRef = CC0A7D182379E9B900745D5E /* Util.swift */; };
		CC0A7D1B2379EE2E00745D5E /* keys.swift in Sources */ = {isa = PBXBuildFile; fileRef = CC0A7D1A2379EE2E00745D5E /* keys.swift */; };
		CC0A7D1E2379EFC700745D5E /* QueueModel.swift in Sources */ = {isa = PBXBuildFile; fileRef = CC0A7D1D2379EFC700745D5E /* QueueModel.swift */; };
		CC0A7D22237B24A900745D5E /* ServiceController.swift in Sources */ = {isa = PBXBuildFile; fileRef = CC0A7D21237B24A900745D5E /* ServiceController.swift */; };
		CC0A7D25237B253600745D5E /* ServiceCell.swift in Sources */ = {isa = PBXBuildFile; fileRef = CC0A7D24237B253600745D5E /* ServiceCell.swift */; };
		CC0A7D27237B30AE00745D5E /* SPHomePageController.swift in Sources */ = {isa = PBXBuildFile; fileRef = CC0A7D26237B30AE00745D5E /* SPHomePageController.swift */; };
		CC0CF5B623630D7400360A6F /* pageController.swift in Sources */ = {isa = PBXBuildFile; fileRef = CC0CF5B523630D7400360A6F /* pageController.swift */; };
		CC0CF5B82363561700360A6F /* lang.strings in Resources */ = {isa = PBXBuildFile; fileRef = CC0CF5B72363561700360A6F /* lang.strings */; };
		CC11649D23835C7B00E0DAE4 /* SPRegistryController.swift in Sources */ = {isa = PBXBuildFile; fileRef = CC11649C23835C7B00E0DAE4 /* SPRegistryController.swift */; };
		CC303BB22379C15C0023E958 /* SPListController.swift in Sources */ = {isa = PBXBuildFile; fileRef = CC303BB12379C15C0023E958 /* SPListController.swift */; };
		CC65C0FC239AE90100E05F3C /* SPLoginController.swift in Sources */ = {isa = PBXBuildFile; fileRef = CC65C0FB239AE90100E05F3C /* SPLoginController.swift */; };
		CC65C0FE239AEA7200E05F3C /* AdminModel.swift in Sources */ = {isa = PBXBuildFile; fileRef = CC65C0FD239AEA7200E05F3C /* AdminModel.swift */; };
		CC65C100239B2DF600E05F3C /* SPHomeController.swift in Sources */ = {isa = PBXBuildFile; fileRef = CC65C0FF239B2DF600E05F3C /* SPHomeController.swift */; };
		CC65C102239BD80700E05F3C /* SPSetupController.swift in Sources */ = {isa = PBXBuildFile; fileRef = CC65C101239BD80600E05F3C /* SPSetupController.swift */; };
		CC65C104239BF7BB00E05F3C /* ServiceModel.swift in Sources */ = {isa = PBXBuildFile; fileRef = CC65C103239BF7BB00E05F3C /* ServiceModel.swift */; };
		CC7216B3237B989F007A7C5B /* MapController.swift in Sources */ = {isa = PBXBuildFile; fileRef = CC7216B2237B989F007A7C5B /* MapController.swift */; };
		CC7216B5237B999F007A7C5B /* TimeController.swift in Sources */ = {isa = PBXBuildFile; fileRef = CC7216B4237B999F007A7C5B /* TimeController.swift */; };
		CC9CC459237B47C7001125A5 /* SPModel.swift in Sources */ = {isa = PBXBuildFile; fileRef = CC9CC458237B47C7001125A5 /* SPModel.swift */; };
		CC9CC45B237B5AA2001125A5 /* SPInfoController.swift in Sources */ = {isa = PBXBuildFile; fileRef = CC9CC45A237B5AA2001125A5 /* SPInfoController.swift */; };
		CC9CC45D237B5F24001125A5 /* SPBookingController.swift in Sources */ = {isa = PBXBuildFile; fileRef = CC9CC45C237B5F24001125A5 /* SPBookingController.swift */; };
		CC9CC45F237B6259001125A5 /* SPBookingDoneController.swift in Sources */ = {isa = PBXBuildFile; fileRef = CC9CC45E237B6259001125A5 /* SPBookingDoneController.swift */; };
		CC9CC461237B7096001125A5 /* Database.swift in Sources */ = {isa = PBXBuildFile; fileRef = CC9CC460237B7096001125A5 /* Database.swift */; };
		CC9CC464237B715B001125A5 /* DBKeys.swift in Sources */ = {isa = PBXBuildFile; fileRef = CC9CC463237B715B001125A5 /* DBKeys.swift */; };
		CC9CC466237B75DE001125A5 /* SPBookingADController.swift in Sources */ = {isa = PBXBuildFile; fileRef = CC9CC465237B75DE001125A5 /* SPBookingADController.swift */; };
		CC9CC468237B75F9001125A5 /* SPBookingADVDoneController.swift in Sources */ = {isa = PBXBuildFile; fileRef = CC9CC467237B75F9001125A5 /* SPBookingADVDoneController.swift */; };
		CC9CC46A237B7885001125A5 /* UserModel.swift in Sources */ = {isa = PBXBuildFile; fileRef = CC9CC469237B7885001125A5 /* UserModel.swift */; };
		CC9CC46C237B7CB1001125A5 /* LoginController.swift in Sources */ = {isa = PBXBuildFile; fileRef = CC9CC46B237B7CB1001125A5 /* LoginController.swift */; };
		CC9CC46E237B7CD2001125A5 /* ClientRegistryController.swift in Sources */ = {isa = PBXBuildFile; fileRef = CC9CC46D237B7CD2001125A5 /* ClientRegistryController.swift */; };
		CCA3164A23A08EA000810885 /* ticketmodel.swift in Sources */ = {isa = PBXBuildFile; fileRef = CCA3164923A08EA000810885 /* ticketmodel.swift */; };
		CCABB73C2395F525005059A5 /* Artwork.swift in Sources */ = {isa = PBXBuildFile; fileRef = CCABB73B2395F525005059A5 /* Artwork.swift */; };
		CCB97770239C4F8C00942F2A /* addstaffController.swift in Sources */ = {isa = PBXBuildFile; fileRef = CCB9776F239C4F8C00942F2A /* addstaffController.swift */; };
		CCC02060239D831400DDE948 /* staffCell.swift in Sources */ = {isa = PBXBuildFile; fileRef = CCC0205F239D831400DDE948 /* staffCell.swift */; };
		CCC02062239D840700DDE948 /* userQueueCell.swift in Sources */ = {isa = PBXBuildFile; fileRef = CCC02061239D840700DDE948 /* userQueueCell.swift */; };
		CCC02064239DF5DA00DDE948 /* cleintlistController.swift in Sources */ = {isa = PBXBuildFile; fileRef = CCC02063239DF5DA00DDE948 /* cleintlistController.swift */; };
		CCC02066239DF62A00DDE948 /* showstaffController.swift in Sources */ = {isa = PBXBuildFile; fileRef = CCC02065239DF62A00DDE948 /* showstaffController.swift */; };
		CCFC6201236070D0007B587D /* AppDelegate.swift in Sources */ = {isa = PBXBuildFile; fileRef = CCFC6200236070D0007B587D /* AppDelegate.swift */; };
		CCFC6203236070D0007B587D /* ViewController.swift in Sources */ = {isa = PBXBuildFile; fileRef = CCFC6202236070D0007B587D /* ViewController.swift */; };
		CCFC6206236070D0007B587D /* Main.storyboard in Resources */ = {isa = PBXBuildFile; fileRef = CCFC6204236070D0007B587D /* Main.storyboard */; };
		CCFC6209236070D0007B587D /* FastQ.xcdatamodeld in Sources */ = {isa = PBXBuildFile; fileRef = CCFC6207236070D0007B587D /* FastQ.xcdatamodeld */; };
		CCFC620B236070D5007B587D /* Assets.xcassets in Resources */ = {isa = PBXBuildFile; fileRef = CCFC620A236070D5007B587D /* Assets.xcassets */; };
		CCFC620E236070D5007B587D /* LaunchScreen.storyboard in Resources */ = {isa = PBXBuildFile; fileRef = CCFC620C236070D5007B587D /* LaunchScreen.storyboard */; };
/* End PBXBuildFile section */

/* Begin PBXFileReference section */
		0670EBCD240591EB881B50FB /* Pods_FastQ.framework */ = {isa = PBXFileReference; explicitFileType = wrapper.framework; includeInIndex = 0; path = Pods_FastQ.framework; sourceTree = BUILT_PRODUCTS_DIR; };
		949F94305E46101F643F9E06 /* Pods-FastQ.debug.xcconfig */ = {isa = PBXFileReference; includeInIndex = 1; lastKnownFileType = text.xcconfig; name = "Pods-FastQ.debug.xcconfig"; path = "Pods/Target Support Files/Pods-FastQ/Pods-FastQ.debug.xcconfig"; sourceTree = "<group>"; };
		CC0A7D182379E9B900745D5E /* Util.swift */ = {isa = PBXFileReference; lastKnownFileType = sourcecode.swift; path = Util.swift; sourceTree = "<group>"; };
		CC0A7D1A2379EE2E00745D5E /* keys.swift */ = {isa = PBXFileReference; lastKnownFileType = sourcecode.swift; path = keys.swift; sourceTree = "<group>"; };
		CC0A7D1D2379EFC700745D5E /* QueueModel.swift */ = {isa = PBXFileReference; lastKnownFileType = sourcecode.swift; path = QueueModel.swift; sourceTree = "<group>"; };
		CC0A7D21237B24A900745D5E /* ServiceController.swift */ = {isa = PBXFileReference; lastKnownFileType = sourcecode.swift; path = ServiceController.swift; sourceTree = "<group>"; };
		CC0A7D24237B253600745D5E /* ServiceCell.swift */ = {isa = PBXFileReference; lastKnownFileType = sourcecode.swift; path = ServiceCell.swift; sourceTree = "<group>"; };
		CC0A7D26237B30AE00745D5E /* SPHomePageController.swift */ = {isa = PBXFileReference; lastKnownFileType = sourcecode.swift; path = SPHomePageController.swift; sourceTree = "<group>"; };
		CC0CF5B523630D7400360A6F /* pageController.swift */ = {isa = PBXFileReference; lastKnownFileType = sourcecode.swift; path = pageController.swift; sourceTree = "<group>"; };
		CC0CF5B72363561700360A6F /* lang.strings */ = {isa = PBXFileReference; lastKnownFileType = text.plist.strings; path = lang.strings; sourceTree = "<group>"; };
		CC11649C23835C7B00E0DAE4 /* SPRegistryController.swift */ = {isa = PBXFileReference; lastKnownFileType = sourcecode.swift; path = SPRegistryController.swift; sourceTree = "<group>"; };
		CC303BB12379C15C0023E958 /* SPListController.swift */ = {isa = PBXFileReference; lastKnownFileType = sourcecode.swift; path = SPListController.swift; sourceTree = "<group>"; };
		CC65C0FB239AE90100E05F3C /* SPLoginController.swift */ = {isa = PBXFileReference; lastKnownFileType = sourcecode.swift; path = SPLoginController.swift; sourceTree = "<group>"; };
		CC65C0FD239AEA7200E05F3C /* AdminModel.swift */ = {isa = PBXFileReference; lastKnownFileType = sourcecode.swift; path = AdminModel.swift; sourceTree = "<group>"; };
		CC65C0FF239B2DF600E05F3C /* SPHomeController.swift */ = {isa = PBXFileReference; lastKnownFileType = sourcecode.swift; path = SPHomeController.swift; sourceTree = "<group>"; };
		CC65C101239BD80600E05F3C /* SPSetupController.swift */ = {isa = PBXFileReference; lastKnownFileType = sourcecode.swift; path = SPSetupController.swift; sourceTree = "<group>"; };
		CC65C103239BF7BB00E05F3C /* ServiceModel.swift */ = {isa = PBXFileReference; lastKnownFileType = sourcecode.swift; path = ServiceModel.swift; sourceTree = "<group>"; };
		CC7216B2237B989F007A7C5B /* MapController.swift */ = {isa = PBXFileReference; lastKnownFileType = sourcecode.swift; path = MapController.swift; sourceTree = "<group>"; };
		CC7216B4237B999F007A7C5B /* TimeController.swift */ = {isa = PBXFileReference; lastKnownFileType = sourcecode.swift; path = TimeController.swift; sourceTree = "<group>"; };
		CC9CC458237B47C7001125A5 /* SPModel.swift */ = {isa = PBXFileReference; lastKnownFileType = sourcecode.swift; path = SPModel.swift; sourceTree = "<group>"; };
		CC9CC45A237B5AA2001125A5 /* SPInfoController.swift */ = {isa = PBXFileReference; lastKnownFileType = sourcecode.swift; path = SPInfoController.swift; sourceTree = "<group>"; };
		CC9CC45C237B5F24001125A5 /* SPBookingController.swift */ = {isa = PBXFileReference; lastKnownFileType = sourcecode.swift; path = SPBookingController.swift; sourceTree = "<group>"; };
		CC9CC45E237B6259001125A5 /* SPBookingDoneController.swift */ = {isa = PBXFileReference; lastKnownFileType = sourcecode.swift; path = SPBookingDoneController.swift; sourceTree = "<group>"; };
		CC9CC460237B7096001125A5 /* Database.swift */ = {isa = PBXFileReference; lastKnownFileType = sourcecode.swift; path = Database.swift; sourceTree = "<group>"; };
		CC9CC463237B715B001125A5 /* DBKeys.swift */ = {isa = PBXFileReference; lastKnownFileType = sourcecode.swift; path = DBKeys.swift; sourceTree = "<group>"; };
		CC9CC465237B75DE001125A5 /* SPBookingADController.swift */ = {isa = PBXFileReference; lastKnownFileType = sourcecode.swift; path = SPBookingADController.swift; sourceTree = "<group>"; };
		CC9CC467237B75F9001125A5 /* SPBookingADVDoneController.swift */ = {isa = PBXFileReference; lastKnownFileType = sourcecode.swift; path = SPBookingADVDoneController.swift; sourceTree = "<group>"; };
		CC9CC469237B7885001125A5 /* UserModel.swift */ = {isa = PBXFileReference; lastKnownFileType = sourcecode.swift; path = UserModel.swift; sourceTree = "<group>"; };
		CC9CC46B237B7CB1001125A5 /* LoginController.swift */ = {isa = PBXFileReference; lastKnownFileType = sourcecode.swift; path = LoginController.swift; sourceTree = "<group>"; };
		CC9CC46D237B7CD2001125A5 /* ClientRegistryController.swift */ = {isa = PBXFileReference; lastKnownFileType = sourcecode.swift; path = ClientRegistryController.swift; sourceTree = "<group>"; };
		CCA3164923A08EA000810885 /* ticketmodel.swift */ = {isa = PBXFileReference; lastKnownFileType = sourcecode.swift; path = ticketmodel.swift; sourceTree = "<group>"; };
		CCABB73B2395F525005059A5 /* Artwork.swift */ = {isa = PBXFileReference; lastKnownFileType = sourcecode.swift; path = Artwork.swift; sourceTree = "<group>"; };
		CCB9776F239C4F8C00942F2A /* addstaffController.swift */ = {isa = PBXFileReference; lastKnownFileType = sourcecode.swift; path = addstaffController.swift; sourceTree = "<group>"; };
		CCC0205F239D831400DDE948 /* staffCell.swift */ = {isa = PBXFileReference; lastKnownFileType = sourcecode.swift; path = staffCell.swift; sourceTree = "<group>"; };
		CCC02061239D840700DDE948 /* userQueueCell.swift */ = {isa = PBXFileReference; lastKnownFileType = sourcecode.swift; path = userQueueCell.swift; sourceTree = "<group>"; };
		CCC02063239DF5DA00DDE948 /* cleintlistController.swift */ = {isa = PBXFileReference; lastKnownFileType = sourcecode.swift; path = cleintlistController.swift; sourceTree = "<group>"; };
		CCC02065239DF62A00DDE948 /* showstaffController.swift */ = {isa = PBXFileReference; lastKnownFileType = sourcecode.swift; path = showstaffController.swift; sourceTree = "<group>"; };
		CCFC61FD236070D0007B587D /* FastQ.app */ = {isa = PBXFileReference; explicitFileType = wrapper.application; includeInIndex = 0; path = FastQ.app; sourceTree = BUILT_PRODUCTS_DIR; };
		CCFC6200236070D0007B587D /* AppDelegate.swift */ = {isa = PBXFileReference; lastKnownFileType = sourcecode.swift; path = AppDelegate.swift; sourceTree = "<group>"; };
		CCFC6202236070D0007B587D /* ViewController.swift */ = {isa = PBXFileReference; lastKnownFileType = sourcecode.swift; path = ViewController.swift; sourceTree = "<group>"; };
		CCFC6205236070D0007B587D /* Base */ = {isa = PBXFileReference; lastKnownFileType = file.storyboard; name = Base; path = Base.lproj/Main.storyboard; sourceTree = "<group>"; };
		CCFC6208236070D0007B587D /* FastQ.xcdatamodel */ = {isa = PBXFileReference; lastKnownFileType = wrapper.xcdatamodel; path = FastQ.xcdatamodel; sourceTree = "<group>"; };
		CCFC620A236070D5007B587D /* Assets.xcassets */ = {isa = PBXFileReference; lastKnownFileType = folder.assetcatalog; path = Assets.xcassets; sourceTree = "<group>"; };
		CCFC620D236070D5007B587D /* Base */ = {isa = PBXFileReference; lastKnownFileType = file.storyboard; name = Base; path = Base.lproj/LaunchScreen.storyboard; sourceTree = "<group>"; };
		CCFC620F236070D5007B587D /* Info.plist */ = {isa = PBXFileReference; lastKnownFileType = text.plist.xml; path = Info.plist; sourceTree = "<group>"; };
		D20C841E08D75180CC448BC9 /* Pods-FastQ.release.xcconfig */ = {isa = PBXFileReference; includeInIndex = 1; lastKnownFileType = text.xcconfig; name = "Pods-FastQ.release.xcconfig"; path = "Pods/Target Support Files/Pods-FastQ/Pods-FastQ.release.xcconfig"; sourceTree = "<group>"; };
/* End PBXFileReference section */

/* Begin PBXFrameworksBuildPhase section */
		CCFC61FA236070D0007B587D /* Frameworks */ = {
			isa = PBXFrameworksBuildPhase;
			buildActionMask = 2147483647;
			files = (
				9199BBCCE86273EF0BBC677E /* Pods_FastQ.framework in Frameworks */,
			);
			runOnlyForDeploymentPostprocessing = 0;
		};
/* End PBXFrameworksBuildPhase section */

/* Begin PBXGroup section */
		4FEE0EBED421B210EF9AA2D9 /* Frameworks */ = {
			isa = PBXGroup;
			children = (
				0670EBCD240591EB881B50FB /* Pods_FastQ.framework */,
			);
			name = Frameworks;
			sourceTree = "<group>";
		};
		82118DBF2E08710508B976AD /* Pods */ = {
			isa = PBXGroup;
			children = (
				949F94305E46101F643F9E06 /* Pods-FastQ.debug.xcconfig */,
				D20C841E08D75180CC448BC9 /* Pods-FastQ.release.xcconfig */,
			);
			name = Pods;
			sourceTree = "<group>";
		};
		CC0A7D1C2379EFA400745D5E /* models */ = {
			isa = PBXGroup;
			children = (
				CC0A7D1D2379EFC700745D5E /* QueueModel.swift */,
				CC9CC458237B47C7001125A5 /* SPModel.swift */,
				CC9CC469237B7885001125A5 /* UserModel.swift */,
				CC65C0FD239AEA7200E05F3C /* AdminModel.swift */,
				CC65C103239BF7BB00E05F3C /* ServiceModel.swift */,
				CCA3164923A08EA000810885 /* ticketmodel.swift */,
			);
			path = models;
			sourceTree = "<group>";
		};
		CC0A7D1F237B245C00745D5E /* SP */ = {
			isa = PBXGroup;
			children = (
				CC11649C23835C7B00E0DAE4 /* SPRegistryController.swift */,
				CC65C0FB239AE90100E05F3C /* SPLoginController.swift */,
				CC65C0FF239B2DF600E05F3C /* SPHomeController.swift */,
				CC65C101239BD80600E05F3C /* SPSetupController.swift */,
				CCB9776F239C4F8C00942F2A /* addstaffController.swift */,
				CCC02063239DF5DA00DDE948 /* cleintlistController.swift */,
				CCC02065239DF62A00DDE948 /* showstaffController.swift */,
			);
			path = SP;
			sourceTree = "<group>";
		};
		CC0A7D20237B246600745D5E /* Client */ = {
			isa = PBXGroup;
			children = (
				CC0A7D21237B24A900745D5E /* ServiceController.swift */,
				CC9CC45A237B5AA2001125A5 /* SPInfoController.swift */,
				CC0A7D26237B30AE00745D5E /* SPHomePageController.swift */,
				CC9CC45C237B5F24001125A5 /* SPBookingController.swift */,
				CC9CC45E237B6259001125A5 /* SPBookingDoneController.swift */,
				CC9CC465237B75DE001125A5 /* SPBookingADController.swift */,
				CC9CC467237B75F9001125A5 /* SPBookingADVDoneController.swift */,
				CC9CC46B237B7CB1001125A5 /* LoginController.swift */,
				CC9CC46D237B7CD2001125A5 /* ClientRegistryController.swift */,
				CC7216B2237B989F007A7C5B /* MapController.swift */,
				CC7216B4237B999F007A7C5B /* TimeController.swift */,
			);
			path = Client;
			sourceTree = "<group>";
		};
		CC0A7D23237B251400745D5E /* Cells */ = {
			isa = PBXGroup;
			children = (
				CC0A7D24237B253600745D5E /* ServiceCell.swift */,
				CCC0205F239D831400DDE948 /* staffCell.swift */,
				CCC02061239D840700DDE948 /* userQueueCell.swift */,
			);
			path = Cells;
			sourceTree = "<group>";
		};
		CC303BAF2379C10C0023E958 /* Controllers */ = {
			isa = PBXGroup;
			children = (
				CC0A7D20237B246600745D5E /* Client */,
				CC0A7D1F237B245C00745D5E /* SP */,
				CC303BB12379C15C0023E958 /* SPListController.swift */,
			);
			path = Controllers;
			sourceTree = "<group>";
		};
		CC303BB02379C1280023E958 /* helpers */ = {
			isa = PBXGroup;
			children = (
				CC9CC462237B7138001125A5 /* DB */,
				CC0A7D182379E9B900745D5E /* Util.swift */,
				CC0A7D1A2379EE2E00745D5E /* keys.swift */,
				CCABB73B2395F525005059A5 /* Artwork.swift */,
			);
			path = helpers;
			sourceTree = "<group>";
		};
		CC9CC462237B7138001125A5 /* DB */ = {
			isa = PBXGroup;
			children = (
				CC9CC460237B7096001125A5 /* Database.swift */,
				CC9CC463237B715B001125A5 /* DBKeys.swift */,
			);
			path = DB;
			sourceTree = "<group>";
		};
		CCFC61F4236070D0007B587D = {
			isa = PBXGroup;
			children = (
				CCFC61FF236070D0007B587D /* FastQ */,
				CCFC61FE236070D0007B587D /* Products */,
				82118DBF2E08710508B976AD /* Pods */,
				4FEE0EBED421B210EF9AA2D9 /* Frameworks */,
			);
			sourceTree = "<group>";
		};
		CCFC61FE236070D0007B587D /* Products */ = {
			isa = PBXGroup;
			children = (
				CCFC61FD236070D0007B587D /* FastQ.app */,
			);
			name = Products;
			sourceTree = "<group>";
		};
		CCFC61FF236070D0007B587D /* FastQ */ = {
			isa = PBXGroup;
			children = (
				CC0A7D23237B251400745D5E /* Cells */,
				CC0A7D1C2379EFA400745D5E /* models */,
				CC303BB02379C1280023E958 /* helpers */,
				CC303BAF2379C10C0023E958 /* Controllers */,
				CCFC6200236070D0007B587D /* AppDelegate.swift */,
				CCFC6202236070D0007B587D /* ViewController.swift */,
				CCFC6204236070D0007B587D /* Main.storyboard */,
				CCFC620A236070D5007B587D /* Assets.xcassets */,
				CCFC620F236070D5007B587D /* Info.plist */,
				CCFC620C236070D5007B587D /* LaunchScreen.storyboard */,
				CCFC6207236070D0007B587D /* FastQ.xcdatamodeld */,
				CC0CF5B523630D7400360A6F /* pageController.swift */,
				CC0CF5B72363561700360A6F /* lang.strings */,
			);
			path = FastQ;
			sourceTree = "<group>";
		};
/* End PBXGroup section */

/* Begin PBXNativeTarget section */
		CCFC61FC236070D0007B587D /* FastQ */ = {
			isa = PBXNativeTarget;
			buildConfigurationList = CCFC6212236070D5007B587D /* Build configuration list for PBXNativeTarget "FastQ" */;
			buildPhases = (
				7B1E432A529E03329A9FBB1B /* [CP] Check Pods Manifest.lock */,
				CCFC61F9236070D0007B587D /* Sources */,
				CCFC61FA236070D0007B587D /* Frameworks */,
				CCFC61FB236070D0007B587D /* Resources */,
				7824235F9999DC56F903E690 /* [CP] Embed Pods Frameworks */,
			);
			buildRules = (
			);
			dependencies = (
			);
			name = FastQ;
			productName = FastQ;
			productReference = CCFC61FD236070D0007B587D /* FastQ.app */;
			productType = "com.apple.product-type.application";
		};
/* End PBXNativeTarget section */

/* Begin PBXProject section */
		CCFC61F5236070D0007B587D /* Project object */ = {
			isa = PBXProject;
			attributes = {
				LastSwiftUpdateCheck = 0930;
				LastUpgradeCheck = 0930;
				ORGANIZATIONNAME = emobark;
				TargetAttributes = {
					CCFC61FC236070D0007B587D = {
						CreatedOnToolsVersion = 9.3;
					};
				};
			};
			buildConfigurationList = CCFC61F8236070D0007B587D /* Build configuration list for PBXProject "FastQ" */;
			compatibilityVersion = "Xcode 9.3";
			developmentRegion = en;
			hasScannedForEncodings = 0;
			knownRegions = (
				en,
				Base,
			);
			mainGroup = CCFC61F4236070D0007B587D;
			productRefGroup = CCFC61FE236070D0007B587D /* Products */;
			projectDirPath = "";
			projectRoot = "";
			targets = (
				CCFC61FC236070D0007B587D /* FastQ */,
			);
		};
/* End PBXProject section */

/* Begin PBXResourcesBuildPhase section */
		CCFC61FB236070D0007B587D /* Resources */ = {
			isa = PBXResourcesBuildPhase;
			buildActionMask = 2147483647;
			files = (
				CCFC620E236070D5007B587D /* LaunchScreen.storyboard in Resources */,
				CCFC620B236070D5007B587D /* Assets.xcassets in Resources */,
				CC0CF5B82363561700360A6F /* lang.strings in Resources */,
				CCFC6206236070D0007B587D /* Main.storyboard in Resources */,
			);
			runOnlyForDeploymentPostprocessing = 0;
		};
/* End PBXResourcesBuildPhase section */

/* Begin PBXShellScriptBuildPhase section */
		7824235F9999DC56F903E690 /* [CP] Embed Pods Frameworks */ = {
			isa = PBXShellScriptBuildPhase;
			buildActionMask = 2147483647;
			files = (
			);
			inputPaths = (
				"${SRCROOT}/Pods/Target Support Files/Pods-FastQ/Pods-FastQ-frameworks.sh",
				"${BUILT_PRODUCTS_DIR}/Alamofire/Alamofire.framework",
			);
			name = "[CP] Embed Pods Frameworks";
			outputPaths = (
				"${TARGET_BUILD_DIR}/${FRAMEWORKS_FOLDER_PATH}/Alamofire.framework",
			);
			runOnlyForDeploymentPostprocessing = 0;
			shellPath = /bin/sh;
			shellScript = "\"${SRCROOT}/Pods/Target Support Files/Pods-FastQ/Pods-FastQ-frameworks.sh\"\n";
			showEnvVarsInLog = 0;
		};
		7B1E432A529E03329A9FBB1B /* [CP] Check Pods Manifest.lock */ = {
			isa = PBXShellScriptBuildPhase;
			buildActionMask = 2147483647;
			files = (
			);
			inputPaths = (
				"${PODS_PODFILE_DIR_PATH}/Podfile.lock",
				"${PODS_ROOT}/Manifest.lock",
			);
			name = "[CP] Check Pods Manifest.lock";
			outputPaths = (
				"$(DERIVED_FILE_DIR)/Pods-FastQ-checkManifestLockResult.txt",
			);
			runOnlyForDeploymentPostprocessing = 0;
			shellPath = /bin/sh;
			shellScript = "diff \"${PODS_PODFILE_DIR_PATH}/Podfile.lock\" \"${PODS_ROOT}/Manifest.lock\" > /dev/null\nif [ $? != 0 ] ; then\n    # print error to STDERR\n    echo \"error: The sandbox is not in sync with the Podfile.lock. Run 'pod install' or update your CocoaPods installation.\" >&2\n    exit 1\nfi\n# This output is used by Xcode 'outputs' to avoid re-running this script phase.\necho \"SUCCESS\" > \"${SCRIPT_OUTPUT_FILE_0}\"\n";
			showEnvVarsInLog = 0;
		};
/* End PBXShellScriptBuildPhase section */

/* Begin PBXSourcesBuildPhase section */
		CCFC61F9236070D0007B587D /* Sources */ = {
			isa = PBXSourcesBuildPhase;
			buildActionMask = 2147483647;
			files = (
				CC65C102239BD80700E05F3C /* SPSetupController.swift in Sources */,
				CC0A7D22237B24A900745D5E /* ServiceController.swift in Sources */,
				CC0A7D1B2379EE2E00745D5E /* keys.swift in Sources */,
				CC7216B5237B999F007A7C5B /* TimeController.swift in Sources */,
				CC9CC45F237B6259001125A5 /* SPBookingDoneController.swift in Sources */,
				CC65C100239B2DF600E05F3C /* SPHomeController.swift in Sources */,
				CC9CC466237B75DE001125A5 /* SPBookingADController.swift in Sources */,
				CC0A7D1E2379EFC700745D5E /* QueueModel.swift in Sources */,
				CC9CC464237B715B001125A5 /* DBKeys.swift in Sources */,
				CC0CF5B623630D7400360A6F /* pageController.swift in Sources */,
				CC9CC459237B47C7001125A5 /* SPModel.swift in Sources */,
				CC0A7D192379E9B900745D5E /* Util.swift in Sources */,
				CC65C0FC239AE90100E05F3C /* SPLoginController.swift in Sources */,
				CCC02066239DF62A00DDE948 /* showstaffController.swift in Sources */,
				CC9CC45B237B5AA2001125A5 /* SPInfoController.swift in Sources */,
				CCFC6203236070D0007B587D /* ViewController.swift in Sources */,
				CC9CC45D237B5F24001125A5 /* SPBookingController.swift in Sources */,
				CCC02062239D840700DDE948 /* userQueueCell.swift in Sources */,
				CCFC6209236070D0007B587D /* FastQ.xcdatamodeld in Sources */,
				CC9CC46E237B7CD2001125A5 /* ClientRegistryController.swift in Sources */,
				CC9CC46C237B7CB1001125A5 /* LoginController.swift in Sources */,
				CC0A7D25237B253600745D5E /* ServiceCell.swift in Sources */,
				CCA3164A23A08EA000810885 /* ticketmodel.swift in Sources */,
				CCC02060239D831400DDE948 /* staffCell.swift in Sources */,
				CCB97770239C4F8C00942F2A /* addstaffController.swift in Sources */,
				CCC02064239DF5DA00DDE948 /* cleintlistController.swift in Sources */,
				CC7216B3237B989F007A7C5B /* MapController.swift in Sources */,
				CC0A7D27237B30AE00745D5E /* SPHomePageController.swift in Sources */,
				CC65C104239BF7BB00E05F3C /* ServiceModel.swift in Sources */,
				CC9CC468237B75F9001125A5 /* SPBookingADVDoneController.swift in Sources */,
				CC65C0FE239AEA7200E05F3C /* AdminModel.swift in Sources */,
				CCABB73C2395F525005059A5 /* Artwork.swift in Sources */,
				CCFC6201236070D0007B587D /* AppDelegate.swift in Sources */,
				CC9CC461237B7096001125A5 /* Database.swift in Sources */,
				CC11649D23835C7B00E0DAE4 /* SPRegistryController.swift in Sources */,
				CC9CC46A237B7885001125A5 /* UserModel.swift in Sources */,
				CC303BB22379C15C0023E958 /* SPListController.swift in Sources */,
			);
			runOnlyForDeploymentPostprocessing = 0;
		};
/* End PBXSourcesBuildPhase section */

/* Begin PBXVariantGroup section */
		CCFC6204236070D0007B587D /* Main.storyboard */ = {
			isa = PBXVariantGroup;
			children = (
				CCFC6205236070D0007B587D /* Base */,
			);
			name = Main.storyboard;
			sourceTree = "<group>";
		};
		CCFC620C236070D5007B587D /* LaunchScreen.storyboard */ = {
			isa = PBXVariantGroup;
			children = (
				CCFC620D236070D5007B587D /* Base */,
			);
			name = LaunchScreen.storyboard;
			sourceTree = "<group>";
		};
/* End PBXVariantGroup section */

/* Begin XCBuildConfiguration section */
		CCFC6210236070D5007B587D /* Debug */ = {
			isa = XCBuildConfiguration;
			buildSettings = {
				ALWAYS_SEARCH_USER_PATHS = NO;
				CLANG_ANALYZER_NONNULL = YES;
				CLANG_ANALYZER_NUMBER_OBJECT_CONVERSION = YES_AGGRESSIVE;
				CLANG_CXX_LANGUAGE_STANDARD = "gnu++14";
				CLANG_CXX_LIBRARY = "libc++";
				CLANG_ENABLE_MODULES = YES;
				CLANG_ENABLE_OBJC_ARC = YES;
				CLANG_ENABLE_OBJC_WEAK = YES;
				CLANG_WARN_BLOCK_CAPTURE_AUTORELEASING = YES;
				CLANG_WARN_BOOL_CONVERSION = YES;
				CLANG_WARN_COMMA = YES;
				CLANG_WARN_CONSTANT_CONVERSION = YES;
				CLANG_WARN_DEPRECATED_OBJC_IMPLEMENTATIONS = YES;
				CLANG_WARN_DIRECT_OBJC_ISA_USAGE = YES_ERROR;
				CLANG_WARN_DOCUMENTATION_COMMENTS = YES;
				CLANG_WARN_EMPTY_BODY = YES;
				CLANG_WARN_ENUM_CONVERSION = YES;
				CLANG_WARN_INFINITE_RECURSION = YES;
				CLANG_WARN_INT_CONVERSION = YES;
				CLANG_WARN_NON_LITERAL_NULL_CONVERSION = YES;
				CLANG_WARN_OBJC_IMPLICIT_RETAIN_SELF = YES;
				CLANG_WARN_OBJC_LITERAL_CONVERSION = YES;
				CLANG_WARN_OBJC_ROOT_CLASS = YES_ERROR;
				CLANG_WARN_RANGE_LOOP_ANALYSIS = YES;
				CLANG_WARN_STRICT_PROTOTYPES = YES;
				CLANG_WARN_SUSPICIOUS_MOVE = YES;
				CLANG_WARN_UNGUARDED_AVAILABILITY = YES_AGGRESSIVE;
				CLANG_WARN_UNREACHABLE_CODE = YES;
				CLANG_WARN__DUPLICATE_METHOD_MATCH = YES;
				CODE_SIGN_IDENTITY = "iPhone Developer";
				COPY_PHASE_STRIP = NO;
				DEBUG_INFORMATION_FORMAT = dwarf;
				ENABLE_STRICT_OBJC_MSGSEND = YES;
				ENABLE_TESTABILITY = YES;
				GCC_C_LANGUAGE_STANDARD = gnu11;
				GCC_DYNAMIC_NO_PIC = NO;
				GCC_NO_COMMON_BLOCKS = YES;
				GCC_OPTIMIZATION_LEVEL = 0;
				GCC_PREPROCESSOR_DEFINITIONS = (
					"DEBUG=1",
					"$(inherited)",
				);
				GCC_WARN_64_TO_32_BIT_CONVERSION = YES;
				GCC_WARN_ABOUT_RETURN_TYPE = YES_ERROR;
				GCC_WARN_UNDECLARED_SELECTOR = YES;
				GCC_WARN_UNINITIALIZED_AUTOS = YES_AGGRESSIVE;
				GCC_WARN_UNUSED_FUNCTION = YES;
				GCC_WARN_UNUSED_VARIABLE = YES;
				IPHONEOS_DEPLOYMENT_TARGET = 11.3;
				MTL_ENABLE_DEBUG_INFO = YES;
				ONLY_ACTIVE_ARCH = YES;
				SDKROOT = iphoneos;
				SWIFT_ACTIVE_COMPILATION_CONDITIONS = DEBUG;
				SWIFT_OPTIMIZATION_LEVEL = "-Onone";
			};
			name = Debug;
		};
		CCFC6211236070D5007B587D /* Release */ = {
			isa = XCBuildConfiguration;
			buildSettings = {
				ALWAYS_SEARCH_USER_PATHS = NO;
				CLANG_ANALYZER_NONNULL = YES;
				CLANG_ANALYZER_NUMBER_OBJECT_CONVERSION = YES_AGGRESSIVE;
				CLANG_CXX_LANGUAGE_STANDARD = "gnu++14";
				CLANG_CXX_LIBRARY = "libc++";
				CLANG_ENABLE_MODULES = YES;
				CLANG_ENABLE_OBJC_ARC = YES;
				CLANG_ENABLE_OBJC_WEAK = YES;
				CLANG_WARN_BLOCK_CAPTURE_AUTORELEASING = YES;
				CLANG_WARN_BOOL_CONVERSION = YES;
				CLANG_WARN_COMMA = YES;
				CLANG_WARN_CONSTANT_CONVERSION = YES;
				CLANG_WARN_DEPRECATED_OBJC_IMPLEMENTATIONS = YES;
				CLANG_WARN_DIRECT_OBJC_ISA_USAGE = YES_ERROR;
				CLANG_WARN_DOCUMENTATION_COMMENTS = YES;
				CLANG_WARN_EMPTY_BODY = YES;
				CLANG_WARN_ENUM_CONVERSION = YES;
				CLANG_WARN_INFINITE_RECURSION = YES;
				CLANG_WARN_INT_CONVERSION = YES;
				CLANG_WARN_NON_LITERAL_NULL_CONVERSION = YES;
				CLANG_WARN_OBJC_IMPLICIT_RETAIN_SELF = YES;
				CLANG_WARN_OBJC_LITERAL_CONVERSION = YES;
				CLANG_WARN_OBJC_ROOT_CLASS = YES_ERROR;
				CLANG_WARN_RANGE_LOOP_ANALYSIS = YES;
				CLANG_WARN_STRICT_PROTOTYPES = YES;
				CLANG_WARN_SUSPICIOUS_MOVE = YES;
				CLANG_WARN_UNGUARDED_AVAILABILITY = YES_AGGRESSIVE;
				CLANG_WARN_UNREACHABLE_CODE = YES;
				CLANG_WARN__DUPLICATE_METHOD_MATCH = YES;
				CODE_SIGN_IDENTITY = "iPhone Developer";
				COPY_PHASE_STRIP = NO;
				DEBUG_INFORMATION_FORMAT = "dwarf-with-dsym";
				ENABLE_NS_ASSERTIONS = NO;
				ENABLE_STRICT_OBJC_MSGSEND = YES;
				GCC_C_LANGUAGE_STANDARD = gnu11;
				GCC_NO_COMMON_BLOCKS = YES;
				GCC_WARN_64_TO_32_BIT_CONVERSION = YES;
				GCC_WARN_ABOUT_RETURN_TYPE = YES_ERROR;
				GCC_WARN_UNDECLARED_SELECTOR = YES;
				GCC_WARN_UNINITIALIZED_AUTOS = YES_AGGRESSIVE;
				GCC_WARN_UNUSED_FUNCTION = YES;
				GCC_WARN_UNUSED_VARIABLE = YES;
				IPHONEOS_DEPLOYMENT_TARGET = 11.3;
				MTL_ENABLE_DEBUG_INFO = NO;
				SDKROOT = iphoneos;
				SWIFT_COMPILATION_MODE = wholemodule;
				SWIFT_OPTIMIZATION_LEVEL = "-O";
				VALIDATE_PRODUCT = YES;
			};
			name = Release;
		};
		CCFC6213236070D5007B587D /* Debug */ = {
			isa = XCBuildConfiguration;
			baseConfigurationReference = 949F94305E46101F643F9E06 /* Pods-FastQ.debug.xcconfig */;
			buildSettings = {
				ASSETCATALOG_COMPILER_APPICON_NAME = AppIcon;
				CODE_SIGN_STYLE = Automatic;
				DEVELOPMENT_TEAM = 223SQPKVS7;
				INFOPLIST_FILE = FastQ/Info.plist;
				LD_RUNPATH_SEARCH_PATHS = (
					"$(inherited)",
					"@executable_path/Frameworks",
				);
				PRODUCT_BUNDLE_IDENTIFIER = com.FastQ;
				PRODUCT_NAME = "$(TARGET_NAME)";
				SWIFT_VERSION = 4.0;
				TARGETED_DEVICE_FAMILY = "1,2";
			};
			name = Debug;
		};
		CCFC6214236070D5007B587D /* Release */ = {
			isa = XCBuildConfiguration;
			baseConfigurationReference = D20C841E08D75180CC448BC9 /* Pods-FastQ.release.xcconfig */;
			buildSettings = {
				ASSETCATALOG_COMPILER_APPICON_NAME = AppIcon;
				CODE_SIGN_STYLE = Automatic;
				DEVELOPMENT_TEAM = 223SQPKVS7;
				INFOPLIST_FILE = FastQ/Info.plist;
				LD_RUNPATH_SEARCH_PATHS = (
					"$(inherited)",
					"@executable_path/Frameworks",
				);
				PRODUCT_BUNDLE_IDENTIFIER = com.FastQ;
				PRODUCT_NAME = "$(TARGET_NAME)";
				SWIFT_VERSION = 4.0;
				TARGETED_DEVICE_FAMILY = "1,2";
			};
			name = Release;
		};
/* End XCBuildConfiguration section */

/* Begin XCConfigurationList section */
		CCFC61F8236070D0007B587D /* Build configuration list for PBXProject "FastQ" */ = {
			isa = XCConfigurationList;
			buildConfigurations = (
				CCFC6210236070D5007B587D /* Debug */,
				CCFC6211236070D5007B587D /* Release */,
			);
			defaultConfigurationIsVisible = 0;
			defaultConfigurationName = Release;
		};
		CCFC6212236070D5007B587D /* Build configuration list for PBXNativeTarget "FastQ" */ = {
			isa = XCConfigurationList;
			buildConfigurations = (
				CCFC6213236070D5007B587D /* Debug */,
				CCFC6214236070D5007B587D /* Release */,
			);
			defaultConfigurationIsVisible = 0;
			defaultConfigurationName = Release;
		};
/* End XCConfigurationList section */

/* Begin XCVersionGroup section */
		CCFC6207236070D0007B587D /* FastQ.xcdatamodeld */ = {
			isa = XCVersionGroup;
			children = (
				CCFC6208236070D0007B587D /* FastQ.xcdatamodel */,
			);
			currentVersion = CCFC6208236070D0007B587D /* FastQ.xcdatamodel */;
			path = FastQ.xcdatamodeld;
			sourceTree = "<group>";
			versionGroupType = wrapper.xcdatamodel;
		};
/* End XCVersionGroup section */
	};
	rootObject = CCFC61F5236070D0007B587D /* Project object */;
}
