// !$*UTF8*$!
{
	archiveVersion = 1;
	classes = {
	};
	objectVersion = 50;
	objects = {

/* Begin PBXBuildFile section */
		CCFC6201236070D0007B587D /* AppDelegate.swift in Sources */ = {isa = PBXBuildFile; fileRef = CCFC6200236070D0007B587D /* AppDelegate.swift */; };
		CCFC6203236070D0007B587D /* ViewController.swift in Sources */ = {isa = PBXBuildFile; fileRef = CCFC6202236070D0007B587D /* ViewController.swift */; };
		CCFC6206236070D0007B587D /* Main.storyboard in Resources */ = {isa = PBXBuildFile; fileRef = CCFC6204236070D0007B587D /* Main.storyboard */; };
		CCFC6209236070D0007B587D /* FastQ.xcdatamodeld in Sources */ = {isa = PBXBuildFile; fileRef = CCFC6207236070D0007B587D /* FastQ.xcdatamodeld */; };
		CCFC620B236070D5007B587D /* Assets.xcassets in Resources */ = {isa = PBXBuildFile; fileRef = CCFC620A236070D5007B587D /* Assets.xcassets */; };
		CCFC620E236070D5007B587D /* LaunchScreen.storyboard in Resources */ = {isa = PBXBuildFile; fileRef = CCFC620C236070D5007B587D /* LaunchScreen.storyboard */; };
/* End PBXBuildFile section */

/* Begin PBXFileReference section */
		CCFC61FD236070D0007B587D /* FastQ.app */ = {isa = PBXFileReference; explicitFileType = wrapper.application; includeInIndex = 0; path = FastQ.app; sourceTree = BUILT_PRODUCTS_DIR; };
		CCFC6200236070D0007B587D /* AppDelegate.swift */ = {isa = PBXFileReference; lastKnownFileType = sourcecode.swift; path = AppDelegate.swift; sourceTree = "<group>"; };
		CCFC6202236070D0007B587D /* ViewController.swift */ = {isa = PBXFileReference; lastKnownFileType = sourcecode.swift; path = ViewController.swift; sourceTree = "<group>"; };
		CCFC6205236070D0007B587D /* Base */ = {isa = PBXFileReference; lastKnownFileType = file.storyboard; name = Base; path = Base.lproj/Main.storyboard; sourceTree = "<group>"; };
		CCFC6208236070D0007B587D /* FastQ.xcdatamodel */ = {isa = PBXFileReference; lastKnownFileType = wrapper.xcdatamodel; path = FastQ.xcdatamodel; sourceTree = "<group>"; };
		CCFC620A236070D5007B587D /* Assets.xcassets */ = {isa = PBXFileReference; lastKnownFileType = folder.assetcatalog; path = Assets.xcassets; sourceTree = "<group>"; };
		CCFC620D236070D5007B587D /* Base */ = {isa = PBXFileReference; lastKnownFileType = file.storyboard; name = Base; path = Base.lproj/LaunchScreen.storyboard; sourceTree = "<group>"; };
		CCFC620F236070D5007B587D /* Info.plist */ = {isa = PBXFileReference; lastKnownFileType = text.plist.xml; path = Info.plist; sourceTree = "<group>"; };
/* End PBXFileReference section */

/* Begin PBXFrameworksBuildPhase section */
		CCFC61FA236070D0007B587D /* Frameworks */ = {
			isa = PBXFrameworksBuildPhase;
			buildActionMask = 2147483647;
			files = (
			);
			runOnlyForDeploymentPostprocessing = 0;
		};
/* End PBXFrameworksBuildPhase section */

/* Begin PBXGroup section */
		CCFC61F4236070D0007B587D = {
			isa = PBXGroup;
			children = (
				CCFC61FF236070D0007B587D /* FastQ */,
				CCFC61FE236070D0007B587D /* Products */,
			);
			sourceTree = "<group>";
		};
		CCFC61FE236070D0007B587D /* Products */ = {
			isa = PBXGroup;
			children = (
				CCFC61FD236070D0007B587D /* FastQ.app */,
			);
			name = Products;
			sourceTree = "<group>";
		};
		CCFC61FF236070D0007B587D /* FastQ */ = {
			isa = PBXGroup;
			children = (
				CCFC6200236070D0007B587D /* AppDelegate.swift */,
				CCFC6202236070D0007B587D /* ViewController.swift */,
				CCFC6204236070D0007B587D /* Main.storyboard */,
				CCFC620A236070D5007B587D /* Assets.xcassets */,
				CCFC620C236070D5007B587D /* LaunchScreen.storyboard */,
				CCFC620F236070D5007B587D /* Info.plist */,
				CCFC6207236070D0007B587D /* FastQ.xcdatamodeld */,
			);
			path = FastQ;
			sourceTree = "<group>";
		};
/* End PBXGroup section */

/* Begin PBXNativeTarget section */
		CCFC61FC236070D0007B587D /* FastQ */ = {
			isa = PBXNativeTarget;
			buildConfigurationList = CCFC6212236070D5007B587D /* Build configuration list for PBXNativeTarget "FastQ" */;
			buildPhases = (
				CCFC61F9236070D0007B587D /* Sources */,
				CCFC61FA236070D0007B587D /* Frameworks */,
				CCFC61FB236070D0007B587D /* Resources */,
			);
			buildRules = (
			);
			dependencies = (
			);
			name = FastQ;
			productName = FastQ;
			productReference = CCFC61FD236070D0007B587D /* FastQ.app */;
			productType = "com.apple.product-type.application";
		};
/* End PBXNativeTarget section */

/* Begin PBXProject section */
		CCFC61F5236070D0007B587D /* Project object */ = {
			isa = PBXProject;
			attributes = {
				LastSwiftUpdateCheck = 0930;
				LastUpgradeCheck = 0930;
				ORGANIZATIONNAME = emobark;
				TargetAttributes = {
					CCFC61FC236070D0007B587D = {
						CreatedOnToolsVersion = 9.3;
					};
				};
			};
			buildConfigurationList = CCFC61F8236070D0007B587D /* Build configuration list for PBXProject "FastQ" */;
			compatibilityVersion = "Xcode 9.3";
			developmentRegion = en;
			hasScannedForEncodings = 0;
			knownRegions = (
				en,
				Base,
			);
			mainGroup = CCFC61F4236070D0007B587D;
			productRefGroup = CCFC61FE236070D0007B587D /* Products */;
			projectDirPath = "";
			projectRoot = "";
			targets = (
				CCFC61FC236070D0007B587D /* FastQ */,
			);
		};
/* End PBXProject section */

/* Begin PBXResourcesBuildPhase section */
		CCFC61FB236070D0007B587D /* Resources */ = {
			isa = PBXResourcesBuildPhase;
			buildActionMask = 2147483647;
			files = (
				CCFC620E236070D5007B587D /* LaunchScreen.storyboard in Resources */,
				CCFC620B236070D5007B587D /* Assets.xcassets in Resources */,
				CCFC6206236070D0007B587D /* Main.storyboard in Resources */,
			);
			runOnlyForDeploymentPostprocessing = 0;
		};
/* End PBXResourcesBuildPhase section */

/* Begin PBXSourcesBuildPhase section */
		CCFC61F9236070D0007B587D /* Sources */ = {
			isa = PBXSourcesBuildPhase;
			buildActionMask = 2147483647;
			files = (
				CCFC6203236070D0007B587D /* ViewController.swift in Sources */,
				CCFC6209236070D0007B587D /* FastQ.xcdatamodeld in Sources */,
				CCFC6201236070D0007B587D /* AppDelegate.swift in Sources */,
			);
			runOnlyForDeploymentPostprocessing = 0;
		};
/* End PBXSourcesBuildPhase section */

/* Begin PBXVariantGroup section */
		CCFC6204236070D0007B587D /* Main.storyboard */ = {
			isa = PBXVariantGroup;
			children = (
				CCFC6205236070D0007B587D /* Base */,
			);
			name = Main.storyboard;
			sourceTree = "<group>";
		};
		CCFC620C236070D5007B587D /* LaunchScreen.storyboard */ = {
			isa = PBXVariantGroup;
			children = (
				CCFC620D236070D5007B587D /* Base */,
			);
			name = LaunchScreen.storyboard;
			sourceTree = "<group>";
		};
/* End PBXVariantGroup section */

/* Begin XCBuildConfiguration section */
		CCFC6210236070D5007B587D /* Debug */ = {
			isa = XCBuildConfiguration;
			buildSettings = {
				ALWAYS_SEARCH_USER_PATHS = NO;
				CLANG_ANALYZER_NONNULL = YES;
				CLANG_ANALYZER_NUMBER_OBJECT_CONVERSION = YES_AGGRESSIVE;
				CLANG_CXX_LANGUAGE_STANDARD = "gnu++14";
				CLANG_CXX_LIBRARY = "libc++";
				CLANG_ENABLE_MODULES = YES;
				CLANG_ENABLE_OBJC_ARC = YES;
				CLANG_ENABLE_OBJC_WEAK = YES;
				CLANG_WARN_BLOCK_CAPTURE_AUTORELEASING = YES;
				CLANG_WARN_BOOL_CONVERSION = YES;
				CLANG_WARN_COMMA = YES;
				CLANG_WARN_CONSTANT_CONVERSION = YES;
				CLANG_WARN_DEPRECATED_OBJC_IMPLEMENTATIONS = YES;
				CLANG_WARN_DIRECT_OBJC_ISA_USAGE = YES_ERROR;
				CLANG_WARN_DOCUMENTATION_COMMENTS = YES;
				CLANG_WARN_EMPTY_BODY = YES;
				CLANG_WARN_ENUM_CONVERSION = YES;
				CLANG_WARN_INFINITE_RECURSION = YES;
				CLANG_WARN_INT_CONVERSION = YES;
				CLANG_WARN_NON_LITERAL_NULL_CONVERSION = YES;
				CLANG_WARN_OBJC_IMPLICIT_RETAIN_SELF = YES;
				CLANG_WARN_OBJC_LITERAL_CONVERSION = YES;
				CLANG_WARN_OBJC_ROOT_CLASS = YES_ERROR;
				CLANG_WARN_RANGE_LOOP_ANALYSIS = YES;
				CLANG_WARN_STRICT_PROTOTYPES = YES;
				CLANG_WARN_SUSPICIOUS_MOVE = YES;
				CLANG_WARN_UNGUARDED_AVAILABILITY = YES_AGGRESSIVE;
				CLANG_WARN_UNREACHABLE_CODE = YES;
				CLANG_WARN__DUPLICATE_METHOD_MATCH = YES;
				CODE_SIGN_IDENTITY = "iPhone Developer";
				COPY_PHASE_STRIP = NO;
				DEBUG_INFORMATION_FORMAT = dwarf;
				ENABLE_STRICT_OBJC_MSGSEND = YES;
				ENABLE_TESTABILITY = YES;
				GCC_C_LANGUAGE_STANDARD = gnu11;
				GCC_DYNAMIC_NO_PIC = NO;
				GCC_NO_COMMON_BLOCKS = YES;
				GCC_OPTIMIZATION_LEVEL = 0;
				GCC_PREPROCESSOR_DEFINITIONS = (
					"DEBUG=1",
					"$(inherited)",
				);
				GCC_WARN_64_TO_32_BIT_CONVERSION = YES;
				GCC_WARN_ABOUT_RETURN_TYPE = YES_ERROR;
				GCC_WARN_UNDECLARED_SELECTOR = YES;
				GCC_WARN_UNINITIALIZED_AUTOS = YES_AGGRESSIVE;
				GCC_WARN_UNUSED_FUNCTION = YES;
				GCC_WARN_UNUSED_VARIABLE = YES;
				IPHONEOS_DEPLOYMENT_TARGET = 11.3;
				MTL_ENABLE_DEBUG_INFO = YES;
				ONLY_ACTIVE_ARCH = YES;
				SDKROOT = iphoneos;
				SWIFT_ACTIVE_COMPILATION_CONDITIONS = DEBUG;
				SWIFT_OPTIMIZATION_LEVEL = "-Onone";
			};
			name = Debug;
		};
		CCFC6211236070D5007B587D /* Release */ = {
			isa = XCBuildConfiguration;
			buildSettings = {
				ALWAYS_SEARCH_USER_PATHS = NO;
				CLANG_ANALYZER_NONNULL = YES;
				CLANG_ANALYZER_NUMBER_OBJECT_CONVERSION = YES_AGGRESSIVE;
				CLANG_CXX_LANGUAGE_STANDARD = "gnu++14";
				CLANG_CXX_LIBRARY = "libc++";
				CLANG_ENABLE_MODULES = YES;
				CLANG_ENABLE_OBJC_ARC = YES;
				CLANG_ENABLE_OBJC_WEAK = YES;
				CLANG_WARN_BLOCK_CAPTURE_AUTORELEASING = YES;
				CLANG_WARN_BOOL_CONVERSION = YES;
				CLANG_WARN_COMMA = YES;
				CLANG_WARN_CONSTANT_CONVERSION = YES;
				CLANG_WARN_DEPRECATED_OBJC_IMPLEMENTATIONS = YES;
				CLANG_WARN_DIRECT_OBJC_ISA_USAGE = YES_ERROR;
				CLANG_WARN_DOCUMENTATION_COMMENTS = YES;
				CLANG_WARN_EMPTY_BODY = YES;
				CLANG_WARN_ENUM_CONVERSION = YES;
				CLANG_WARN_INFINITE_RECURSION = YES;
				CLANG_WARN_INT_CONVERSION = YES;
				CLANG_WARN_NON_LITERAL_NULL_CONVERSION = YES;
				CLANG_WARN_OBJC_IMPLICIT_RETAIN_SELF = YES;
				CLANG_WARN_OBJC_LITERAL_CONVERSION = YES;
				CLANG_WARN_OBJC_ROOT_CLASS = YES_ERROR;
				CLANG_WARN_RANGE_LOOP_ANALYSIS = YES;
				CLANG_WARN_STRICT_PROTOTYPES = YES;
				CLANG_WARN_SUSPICIOUS_MOVE = YES;
				CLANG_WARN_UNGUARDED_AVAILABILITY = YES_AGGRESSIVE;
				CLANG_WARN_UNREACHABLE_CODE = YES;
				CLANG_WARN__DUPLICATE_METHOD_MATCH = YES;
				CODE_SIGN_IDENTITY = "iPhone Developer";
				COPY_PHASE_STRIP = NO;
				DEBUG_INFORMATION_FORMAT = "dwarf-with-dsym";
				ENABLE_NS_ASSERTIONS = NO;
				ENABLE_STRICT_OBJC_MSGSEND = YES;
				GCC_C_LANGUAGE_STANDARD = gnu11;
				GCC_NO_COMMON_BLOCKS = YES;
				GCC_WARN_64_TO_32_BIT_CONVERSION = YES;
				GCC_WARN_ABOUT_RETURN_TYPE = YES_ERROR;
				GCC_WARN_UNDECLARED_SELECTOR = YES;
				GCC_WARN_UNINITIALIZED_AUTOS = YES_AGGRESSIVE;
				GCC_WARN_UNUSED_FUNCTION = YES;
				GCC_WARN_UNUSED_VARIABLE = YES;
				IPHONEOS_DEPLOYMENT_TARGET = 11.3;
				MTL_ENABLE_DEBUG_INFO = NO;
				SDKROOT = iphoneos;
				SWIFT_COMPILATION_MODE = wholemodule;
				SWIFT_OPTIMIZATION_LEVEL = "-O";
				VALIDATE_PRODUCT = YES;
			};
			name = Release;
		};
		CCFC6213236070D5007B587D /* Debug */ = {
			isa = XCBuildConfiguration;
			buildSettings = {
				ASSETCATALOG_COMPILER_APPICON_NAME = AppIcon;
				CODE_SIGN_STYLE = Automatic;
				DEVELOPMENT_TEAM = 223SQPKVS7;
				INFOPLIST_FILE = FastQ/Info.plist;
				LD_RUNPATH_SEARCH_PATHS = (
					"$(inherited)",
					"@executable_path/Frameworks",
				);
				PRODUCT_BUNDLE_IDENTIFIER = com.FastQ;
				PRODUCT_NAME = "$(TARGET_NAME)";
				SWIFT_VERSION = 4.0;
				TARGETED_DEVICE_FAMILY = "1,2";
			};
			name = Debug;
		};
		CCFC6214236070D5007B587D /* Release */ = {
			isa = XCBuildConfiguration;
			buildSettings = {
				ASSETCATALOG_COMPILER_APPICON_NAME = AppIcon;
				CODE_SIGN_STYLE = Automatic;
				DEVELOPMENT_TEAM = 223SQPKVS7;
				INFOPLIST_FILE = FastQ/Info.plist;
				LD_RUNPATH_SEARCH_PATHS = (
					"$(inherited)",
					"@executable_path/Frameworks",
				);
				PRODUCT_BUNDLE_IDENTIFIER = com.FastQ;
				PRODUCT_NAME = "$(TARGET_NAME)";
				SWIFT_VERSION = 4.0;
				TARGETED_DEVICE_FAMILY = "1,2";
			};
			name = Release;
		};
/* End XCBuildConfiguration section */

/* Begin XCConfigurationList section */
		CCFC61F8236070D0007B587D /* Build configuration list for PBXProject "FastQ" */ = {
			isa = XCConfigurationList;
			buildConfigurations = (
				CCFC6210236070D5007B587D /* Debug */,
				CCFC6211236070D5007B587D /* Release */,
			);
			defaultConfigurationIsVisible = 0;
			defaultConfigurationName = Release;
		};
		CCFC6212236070D5007B587D /* Build configuration list for PBXNativeTarget "FastQ" */ = {
			isa = XCConfigurationList;
			buildConfigurations = (
				CCFC6213236070D5007B587D /* Debug */,
				CCFC6214236070D5007B587D /* Release */,
			);
			defaultConfigurationIsVisible = 0;
			defaultConfigurationName = Release;
		};
/* End XCConfigurationList section */

/* Begin XCVersionGroup section */
		CCFC6207236070D0007B587D /* FastQ.xcdatamodeld */ = {
			isa = XCVersionGroup;
			children = (
				CCFC6208236070D0007B587D /* FastQ.xcdatamodel */,
			);
			currentVersion = CCFC6208236070D0007B587D /* FastQ.xcdatamodel */;
			path = FastQ.xcdatamodeld;
			sourceTree = "<group>";
			versionGroupType = wrapper.xcdatamodel;
		};
/* End XCVersionGroup section */
	};
	rootObject = CCFC61F5236070D0007B587D /* Project object */;
}
